
Microsoft Visual Studio Solution File, Format Version 12.00
# Visual Studio Version 17
VisualStudioVersion = 17.10.35013.160
MinimumVisualStudioVersion = 10.0.40219.1
Project("{FAE04EC0-301F-11D3-BF4B-00C04F79EFBC}") = "BmiProject", "BmiProject\BmiProject.csproj", "{42ADCD49-C5B3-42FB-8DDC-70C310DA6E0D}"
EndProject
Project("{FAE04EC0-301F-11D3-BF4B-00C04F79EFBC}") = "BmiProject.Test", "BmiProject.Test\BmiProject.Test.csproj", "{E97919E0-19E2-42F8-B119-B952B062D9B4}"
EndProject
Global
	GlobalSection(SolutionConfigurationPlatforms) = preSolution
		Debug|Any CPU = Debug|Any CPU
		Release|Any CPU = Release|Any CPU
	EndGlobalSection
	GlobalSection(ProjectConfigurationPlatforms) = postSolution
		{42ADCD49-C5B3-42FB-8DDC-70C310DA6E0D}.Debug|Any CPU.ActiveCfg = Debug|Any CPU
		{42ADCD49-C5B3-42FB-8DDC-70C310DA6E0D}.Debug|Any CPU.Build.0 = Debug|Any CPU
		{42ADCD49-C5B3-42FB-8DDC-70C310DA6E0D}.Release|Any CPU.ActiveCfg = Release|Any CPU
		{42ADCD49-C5B3-42FB-8DDC-70C310DA6E0D}.Release|Any CPU.Build.0 = Release|Any CPU
		{E97919E0-19E2-42F8-B119-B952B062D9B4}.Debug|Any CPU.ActiveCfg = Debug|Any CPU
		{E97919E0-19E2-42F8-B119-B952B062D9B4}.Debug|Any CPU.Build.0 = Debug|Any CPU
		{E97919E0-19E2-42F8-B119-B952B062D9B4}.Release|Any CPU.ActiveCfg = Release|Any CPU
		{E97919E0-19E2-42F8-B119-B952B062D9B4}.Release|Any CPU.Build.0 = Release|Any CPU
	EndGlobalSection
	GlobalSection(SolutionProperties) = preSolution
		HideSolutionNode = FALSE
	EndGlobalSection
	GlobalSection(ExtensibilityGlobals) = postSolution
		SolutionGuid = {540E2470-0C0F-4BDC-96A2-383FCDEA2E17}
	EndGlobalSection
EndGlobal
